
Microsoft Visual Studio Solution File, Format Version 12.00
# Visual Studio 14
VisualStudioVersion = 14.0.25420.1
MinimumVisualStudioVersion = 10.0.40219.1
Project("{FAE04EC0-301F-11D3-BF4B-00C04F79EFBC}") = "AndroidSplashScreen", "AndroidSplashScreen\AndroidSplashScreen\AndroidSplashScreen.csproj", "{69CD257E-7400-4197-8F9B-CE15ADD04170}"
EndProject
Project("{FAE04EC0-301F-11D3-BF4B-00C04F79EFBC}") = "AndroidSplashScreen.Droid", "AndroidSplashScreen\AndroidSplashScreen.Droid\AndroidSplashScreen.Droid.csproj", "{E48C0817-5E3F-47B0-84A5-ED9769759FD0}"
EndProject
Project("{FAE04EC0-301F-11D3-BF4B-00C04F79EFBC}") = "AndroidSplashScreen.iOS", "AndroidSplashScreen\AndroidSplashScreen.iOS\AndroidSplashScreen.iOS.csproj", "{81A07D5A-FF12-42D6-8E93-CCC76C9D5A1E}"
EndProject
Project("{FAE04EC0-301F-11D3-BF4B-00C04F79EFBC}") = "AndroidSplashScreen.WinPhone", "AndroidSplashScreen\AndroidSplashScreen.WinPhone\AndroidSplashScreen.WinPhone.csproj", "{178586D8-F573-4A71-9DEE-B78EC99CE02D}"
EndProject
Project("{FAE04EC0-301F-11D3-BF4B-00C04F79EFBC}") = "AndroidSplashScreen.Windows", "AndroidSplashScreen\AndroidSplashScreen.Windows\AndroidSplashScreen.Windows.csproj", "{37FA5AD3-FFB1-4D8A-9976-0AF7F6FE63C8}"
EndProject
Global
	GlobalSection(SolutionConfigurationPlatforms) = preSolution
		Ad-Hoc|Any CPU = Ad-Hoc|Any CPU
		Ad-Hoc|ARM = Ad-Hoc|ARM
		Ad-Hoc|iPhone = Ad-Hoc|iPhone
		Ad-Hoc|iPhoneSimulator = Ad-Hoc|iPhoneSimulator
		Ad-Hoc|x64 = Ad-Hoc|x64
		Ad-Hoc|x86 = Ad-Hoc|x86
		AppStore|Any CPU = AppStore|Any CPU
		AppStore|ARM = AppStore|ARM
		AppStore|iPhone = AppStore|iPhone
		AppStore|iPhoneSimulator = AppStore|iPhoneSimulator
		AppStore|x64 = AppStore|x64
		AppStore|x86 = AppStore|x86
		Debug|Any CPU = Debug|Any CPU
		Debug|ARM = Debug|ARM
		Debug|iPhone = Debug|iPhone
		Debug|iPhoneSimulator = Debug|iPhoneSimulator
		Debug|x64 = Debug|x64
		Debug|x86 = Debug|x86
		Release|Any CPU = Release|Any CPU
		Release|ARM = Release|ARM
		Release|iPhone = Release|iPhone
		Release|iPhoneSimulator = Release|iPhoneSimulator
		Release|x64 = Release|x64
		Release|x86 = Release|x86
	EndGlobalSection
	GlobalSection(ProjectConfigurationPlatforms) = postSolution
		{69CD257E-7400-4197-8F9B-CE15ADD04170}.Ad-Hoc|Any CPU.ActiveCfg = Release|Any CPU
		{69CD257E-7400-4197-8F9B-CE15ADD04170}.Ad-Hoc|Any CPU.Build.0 = Release|Any CPU
		{69CD257E-7400-4197-8F9B-CE15ADD04170}.Ad-Hoc|ARM.ActiveCfg = Release|Any CPU
		{69CD257E-7400-4197-8F9B-CE15ADD04170}.Ad-Hoc|ARM.Build.0 = Release|Any CPU
		{69CD257E-7400-4197-8F9B-CE15ADD04170}.Ad-Hoc|iPhone.ActiveCfg = Release|Any CPU
		{69CD257E-7400-4197-8F9B-CE15ADD04170}.Ad-Hoc|iPhone.Build.0 = Release|Any CPU
		{69CD257E-7400-4197-8F9B-CE15ADD04170}.Ad-Hoc|iPhoneSimulator.ActiveCfg = Release|Any CPU
		{69CD257E-7400-4197-8F9B-CE15ADD04170}.Ad-Hoc|iPhoneSimulator.Build.0 = Release|Any CPU
		{69CD257E-7400-4197-8F9B-CE15ADD04170}.Ad-Hoc|x64.ActiveCfg = Release|Any CPU
		{69CD257E-7400-4197-8F9B-CE15ADD04170}.Ad-Hoc|x64.Build.0 = Release|Any CPU
		{69CD257E-7400-4197-8F9B-CE15ADD04170}.Ad-Hoc|x86.ActiveCfg = Release|Any CPU
		{69CD257E-7400-4197-8F9B-CE15ADD04170}.Ad-Hoc|x86.Build.0 = Release|Any CPU
		{69CD257E-7400-4197-8F9B-CE15ADD04170}.AppStore|Any CPU.ActiveCfg = Release|Any CPU
		{69CD257E-7400-4197-8F9B-CE15ADD04170}.AppStore|Any CPU.Build.0 = Release|Any CPU
		{69CD257E-7400-4197-8F9B-CE15ADD04170}.AppStore|ARM.ActiveCfg = Release|Any CPU
		{69CD257E-7400-4197-8F9B-CE15ADD04170}.AppStore|ARM.Build.0 = Release|Any CPU
		{69CD257E-7400-4197-8F9B-CE15ADD04170}.AppStore|iPhone.ActiveCfg = Release|Any CPU
		{69CD257E-7400-4197-8F9B-CE15ADD04170}.AppStore|iPhone.Build.0 = Release|Any CPU
		{69CD257E-7400-4197-8F9B-CE15ADD04170}.AppStore|iPhoneSimulator.ActiveCfg = Release|Any CPU
		{69CD257E-7400-4197-8F9B-CE15ADD04170}.AppStore|iPhoneSimulator.Build.0 = Release|Any CPU
		{69CD257E-7400-4197-8F9B-CE15ADD04170}.AppStore|x64.ActiveCfg = Release|Any CPU
		{69CD257E-7400-4197-8F9B-CE15ADD04170}.AppStore|x64.Build.0 = Release|Any CPU
		{69CD257E-7400-4197-8F9B-CE15ADD04170}.AppStore|x86.ActiveCfg = Release|Any CPU
		{69CD257E-7400-4197-8F9B-CE15ADD04170}.AppStore|x86.Build.0 = Release|Any CPU
		{69CD257E-7400-4197-8F9B-CE15ADD04170}.Debug|Any CPU.ActiveCfg = Debug|Any CPU
		{69CD257E-7400-4197-8F9B-CE15ADD04170}.Debug|Any CPU.Build.0 = Debug|Any CPU
		{69CD257E-7400-4197-8F9B-CE15ADD04170}.Debug|ARM.ActiveCfg = Debug|Any CPU
		{69CD257E-7400-4197-8F9B-CE15ADD04170}.Debug|ARM.Build.0 = Debug|Any CPU
		{69CD257E-7400-4197-8F9B-CE15ADD04170}.Debug|iPhone.ActiveCfg = Debug|Any CPU
		{69CD257E-7400-4197-8F9B-CE15ADD04170}.Debug|iPhone.Build.0 = Debug|Any CPU
		{69CD257E-7400-4197-8F9B-CE15ADD04170}.Debug|iPhoneSimulator.ActiveCfg = Debug|Any CPU
		{69CD257E-7400-4197-8F9B-CE15ADD04170}.Debug|iPhoneSimulator.Build.0 = Debug|Any CPU
		{69CD257E-7400-4197-8F9B-CE15ADD04170}.Debug|x64.ActiveCfg = Debug|Any CPU
		{69CD257E-7400-4197-8F9B-CE15ADD04170}.Debug|x64.Build.0 = Debug|Any CPU
		{69CD257E-7400-4197-8F9B-CE15ADD04170}.Debug|x86.ActiveCfg = Debug|Any CPU
		{69CD257E-7400-4197-8F9B-CE15ADD04170}.Debug|x86.Build.0 = Debug|Any CPU
		{69CD257E-7400-4197-8F9B-CE15ADD04170}.Release|Any CPU.ActiveCfg = Release|Any CPU
		{69CD257E-7400-4197-8F9B-CE15ADD04170}.Release|Any CPU.Build.0 = Release|Any CPU
		{69CD257E-7400-4197-8F9B-CE15ADD04170}.Release|ARM.ActiveCfg = Release|Any CPU
		{69CD257E-7400-4197-8F9B-CE15ADD04170}.Release|ARM.Build.0 = Release|Any CPU
		{69CD257E-7400-4197-8F9B-CE15ADD04170}.Release|iPhone.ActiveCfg = Release|Any CPU
		{69CD257E-7400-4197-8F9B-CE15ADD04170}.Release|iPhone.Build.0 = Release|Any CPU
		{69CD257E-7400-4197-8F9B-CE15ADD04170}.Release|iPhoneSimulator.ActiveCfg = Release|Any CPU
		{69CD257E-7400-4197-8F9B-CE15ADD04170}.Release|iPhoneSimulator.Build.0 = Release|Any CPU
		{69CD257E-7400-4197-8F9B-CE15ADD04170}.Release|x64.ActiveCfg = Release|Any CPU
		{69CD257E-7400-4197-8F9B-CE15ADD04170}.Release|x64.Build.0 = Release|Any CPU
		{69CD257E-7400-4197-8F9B-CE15ADD04170}.Release|x86.ActiveCfg = Release|Any CPU
		{69CD257E-7400-4197-8F9B-CE15ADD04170}.Release|x86.Build.0 = Release|Any CPU
		{E48C0817-5E3F-47B0-84A5-ED9769759FD0}.Ad-Hoc|Any CPU.ActiveCfg = Release|Any CPU
		{E48C0817-5E3F-47B0-84A5-ED9769759FD0}.Ad-Hoc|Any CPU.Build.0 = Release|Any CPU
		{E48C0817-5E3F-47B0-84A5-ED9769759FD0}.Ad-Hoc|Any CPU.Deploy.0 = Release|Any CPU
		{E48C0817-5E3F-47B0-84A5-ED9769759FD0}.Ad-Hoc|ARM.ActiveCfg = Release|Any CPU
		{E48C0817-5E3F-47B0-84A5-ED9769759FD0}.Ad-Hoc|ARM.Build.0 = Release|Any CPU
		{E48C0817-5E3F-47B0-84A5-ED9769759FD0}.Ad-Hoc|ARM.Deploy.0 = Release|Any CPU
		{E48C0817-5E3F-47B0-84A5-ED9769759FD0}.Ad-Hoc|iPhone.ActiveCfg = Release|Any CPU
		{E48C0817-5E3F-47B0-84A5-ED9769759FD0}.Ad-Hoc|iPhone.Build.0 = Release|Any CPU
		{E48C0817-5E3F-47B0-84A5-ED9769759FD0}.Ad-Hoc|iPhone.Deploy.0 = Release|Any CPU
		{E48C0817-5E3F-47B0-84A5-ED9769759FD0}.Ad-Hoc|iPhoneSimulator.ActiveCfg = Release|Any CPU
		{E48C0817-5E3F-47B0-84A5-ED9769759FD0}.Ad-Hoc|iPhoneSimulator.Build.0 = Release|Any CPU
		{E48C0817-5E3F-47B0-84A5-ED9769759FD0}.Ad-Hoc|iPhoneSimulator.Deploy.0 = Release|Any CPU
		{E48C0817-5E3F-47B0-84A5-ED9769759FD0}.Ad-Hoc|x64.ActiveCfg = Release|Any CPU
		{E48C0817-5E3F-47B0-84A5-ED9769759FD0}.Ad-Hoc|x64.Build.0 = Release|Any CPU
		{E48C0817-5E3F-47B0-84A5-ED9769759FD0}.Ad-Hoc|x64.Deploy.0 = Release|Any CPU
		{E48C0817-5E3F-47B0-84A5-ED9769759FD0}.Ad-Hoc|x86.ActiveCfg = Release|Any CPU
		{E48C0817-5E3F-47B0-84A5-ED9769759FD0}.Ad-Hoc|x86.Build.0 = Release|Any CPU
		{E48C0817-5E3F-47B0-84A5-ED9769759FD0}.Ad-Hoc|x86.Deploy.0 = Release|Any CPU
		{E48C0817-5E3F-47B0-84A5-ED9769759FD0}.AppStore|Any CPU.ActiveCfg = Release|Any CPU
		{E48C0817-5E3F-47B0-84A5-ED9769759FD0}.AppStore|Any CPU.Build.0 = Release|Any CPU
		{E48C0817-5E3F-47B0-84A5-ED9769759FD0}.AppStore|Any CPU.Deploy.0 = Release|Any CPU
		{E48C0817-5E3F-47B0-84A5-ED9769759FD0}.AppStore|ARM.ActiveCfg = Release|Any CPU
		{E48C0817-5E3F-47B0-84A5-ED9769759FD0}.AppStore|ARM.Build.0 = Release|Any CPU
		{E48C0817-5E3F-47B0-84A5-ED9769759FD0}.AppStore|ARM.Deploy.0 = Release|Any CPU
		{E48C0817-5E3F-47B0-84A5-ED9769759FD0}.AppStore|iPhone.ActiveCfg = Release|Any CPU
		{E48C0817-5E3F-47B0-84A5-ED9769759FD0}.AppStore|iPhone.Build.0 = Release|Any CPU
		{E48C0817-5E3F-47B0-84A5-ED9769759FD0}.AppStore|iPhone.Deploy.0 = Release|Any CPU
		{E48C0817-5E3F-47B0-84A5-ED9769759FD0}.AppStore|iPhoneSimulator.ActiveCfg = Release|Any CPU
		{E48C0817-5E3F-47B0-84A5-ED9769759FD0}.AppStore|iPhoneSimulator.Build.0 = Release|Any CPU
		{E48C0817-5E3F-47B0-84A5-ED9769759FD0}.AppStore|iPhoneSimulator.Deploy.0 = Release|Any CPU
		{E48C0817-5E3F-47B0-84A5-ED9769759FD0}.AppStore|x64.ActiveCfg = Release|Any CPU
		{E48C0817-5E3F-47B0-84A5-ED9769759FD0}.AppStore|x64.Build.0 = Release|Any CPU
		{E48C0817-5E3F-47B0-84A5-ED9769759FD0}.AppStore|x64.Deploy.0 = Release|Any CPU
		{E48C0817-5E3F-47B0-84A5-ED9769759FD0}.AppStore|x86.ActiveCfg = Release|Any CPU
		{E48C0817-5E3F-47B0-84A5-ED9769759FD0}.AppStore|x86.Build.0 = Release|Any CPU
		{E48C0817-5E3F-47B0-84A5-ED9769759FD0}.AppStore|x86.Deploy.0 = Release|Any CPU
		{E48C0817-5E3F-47B0-84A5-ED9769759FD0}.Debug|Any CPU.ActiveCfg = Debug|Any CPU
		{E48C0817-5E3F-47B0-84A5-ED9769759FD0}.Debug|Any CPU.Build.0 = Debug|Any CPU
		{E48C0817-5E3F-47B0-84A5-ED9769759FD0}.Debug|Any CPU.Deploy.0 = Debug|Any CPU
		{E48C0817-5E3F-47B0-84A5-ED9769759FD0}.Debug|ARM.ActiveCfg = Debug|Any CPU
		{E48C0817-5E3F-47B0-84A5-ED9769759FD0}.Debug|ARM.Build.0 = Debug|Any CPU
		{E48C0817-5E3F-47B0-84A5-ED9769759FD0}.Debug|ARM.Deploy.0 = Debug|Any CPU
		{E48C0817-5E3F-47B0-84A5-ED9769759FD0}.Debug|iPhone.ActiveCfg = Debug|Any CPU
		{E48C0817-5E3F-47B0-84A5-ED9769759FD0}.Debug|iPhone.Build.0 = Debug|Any CPU
		{E48C0817-5E3F-47B0-84A5-ED9769759FD0}.Debug|iPhone.Deploy.0 = Debug|Any CPU
		{E48C0817-5E3F-47B0-84A5-ED9769759FD0}.Debug|iPhoneSimulator.ActiveCfg = Debug|Any CPU
		{E48C0817-5E3F-47B0-84A5-ED9769759FD0}.Debug|iPhoneSimulator.Build.0 = Debug|Any CPU
		{E48C0817-5E3F-47B0-84A5-ED9769759FD0}.Debug|iPhoneSimulator.Deploy.0 = Debug|Any CPU
		{E48C0817-5E3F-47B0-84A5-ED9769759FD0}.Debug|x64.ActiveCfg = Debug|Any CPU
		{E48C0817-5E3F-47B0-84A5-ED9769759FD0}.Debug|x64.Build.0 = Debug|Any CPU
		{E48C0817-5E3F-47B0-84A5-ED9769759FD0}.Debug|x64.Deploy.0 = Debug|Any CPU
		{E48C0817-5E3F-47B0-84A5-ED9769759FD0}.Debug|x86.ActiveCfg = Debug|Any CPU
		{E48C0817-5E3F-47B0-84A5-ED9769759FD0}.Debug|x86.Build.0 = Debug|Any CPU
		{E48C0817-5E3F-47B0-84A5-ED9769759FD0}.Debug|x86.Deploy.0 = Debug|Any CPU
		{E48C0817-5E3F-47B0-84A5-ED9769759FD0}.Release|Any CPU.ActiveCfg = Release|Any CPU
		{E48C0817-5E3F-47B0-84A5-ED9769759FD0}.Release|Any CPU.Build.0 = Release|Any CPU
		{E48C0817-5E3F-47B0-84A5-ED9769759FD0}.Release|Any CPU.Deploy.0 = Release|Any CPU
		{E48C0817-5E3F-47B0-84A5-ED9769759FD0}.Release|ARM.ActiveCfg = Release|Any CPU
		{E48C0817-5E3F-47B0-84A5-ED9769759FD0}.Release|ARM.Build.0 = Release|Any CPU
		{E48C0817-5E3F-47B0-84A5-ED9769759FD0}.Release|ARM.Deploy.0 = Release|Any CPU
		{E48C0817-5E3F-47B0-84A5-ED9769759FD0}.Release|iPhone.ActiveCfg = Release|Any CPU
		{E48C0817-5E3F-47B0-84A5-ED9769759FD0}.Release|iPhone.Build.0 = Release|Any CPU
		{E48C0817-5E3F-47B0-84A5-ED9769759FD0}.Release|iPhone.Deploy.0 = Release|Any CPU
		{E48C0817-5E3F-47B0-84A5-ED9769759FD0}.Release|iPhoneSimulator.ActiveCfg = Release|Any CPU
		{E48C0817-5E3F-47B0-84A5-ED9769759FD0}.Release|iPhoneSimulator.Build.0 = Release|Any CPU
		{E48C0817-5E3F-47B0-84A5-ED9769759FD0}.Release|iPhoneSimulator.Deploy.0 = Release|Any CPU
		{E48C0817-5E3F-47B0-84A5-ED9769759FD0}.Release|x64.ActiveCfg = Release|Any CPU
		{E48C0817-5E3F-47B0-84A5-ED9769759FD0}.Release|x64.Build.0 = Release|Any CPU
		{E48C0817-5E3F-47B0-84A5-ED9769759FD0}.Release|x64.Deploy.0 = Release|Any CPU
		{E48C0817-5E3F-47B0-84A5-ED9769759FD0}.Release|x86.ActiveCfg = Release|Any CPU
		{E48C0817-5E3F-47B0-84A5-ED9769759FD0}.Release|x86.Build.0 = Release|Any CPU
		{E48C0817-5E3F-47B0-84A5-ED9769759FD0}.Release|x86.Deploy.0 = Release|Any CPU
		{81A07D5A-FF12-42D6-8E93-CCC76C9D5A1E}.Ad-Hoc|Any CPU.ActiveCfg = Ad-Hoc|iPhone
		{81A07D5A-FF12-42D6-8E93-CCC76C9D5A1E}.Ad-Hoc|ARM.ActiveCfg = Ad-Hoc|iPhone
		{81A07D5A-FF12-42D6-8E93-CCC76C9D5A1E}.Ad-Hoc|iPhone.ActiveCfg = Ad-Hoc|iPhone
		{81A07D5A-FF12-42D6-8E93-CCC76C9D5A1E}.Ad-Hoc|iPhone.Build.0 = Ad-Hoc|iPhone
		{81A07D5A-FF12-42D6-8E93-CCC76C9D5A1E}.Ad-Hoc|iPhoneSimulator.ActiveCfg = Ad-Hoc|iPhoneSimulator
		{81A07D5A-FF12-42D6-8E93-CCC76C9D5A1E}.Ad-Hoc|iPhoneSimulator.Build.0 = Ad-Hoc|iPhoneSimulator
		{81A07D5A-FF12-42D6-8E93-CCC76C9D5A1E}.Ad-Hoc|x64.ActiveCfg = Ad-Hoc|iPhone
		{81A07D5A-FF12-42D6-8E93-CCC76C9D5A1E}.Ad-Hoc|x86.ActiveCfg = Ad-Hoc|iPhone
		{81A07D5A-FF12-42D6-8E93-CCC76C9D5A1E}.AppStore|Any CPU.ActiveCfg = AppStore|iPhone
		{81A07D5A-FF12-42D6-8E93-CCC76C9D5A1E}.AppStore|ARM.ActiveCfg = AppStore|iPhone
		{81A07D5A-FF12-42D6-8E93-CCC76C9D5A1E}.AppStore|iPhone.ActiveCfg = AppStore|iPhone
		{81A07D5A-FF12-42D6-8E93-CCC76C9D5A1E}.AppStore|iPhone.Build.0 = AppStore|iPhone
		{81A07D5A-FF12-42D6-8E93-CCC76C9D5A1E}.AppStore|iPhoneSimulator.ActiveCfg = AppStore|iPhoneSimulator
		{81A07D5A-FF12-42D6-8E93-CCC76C9D5A1E}.AppStore|iPhoneSimulator.Build.0 = AppStore|iPhoneSimulator
		{81A07D5A-FF12-42D6-8E93-CCC76C9D5A1E}.AppStore|x64.ActiveCfg = AppStore|iPhone
		{81A07D5A-FF12-42D6-8E93-CCC76C9D5A1E}.AppStore|x86.ActiveCfg = AppStore|iPhone
		{81A07D5A-FF12-42D6-8E93-CCC76C9D5A1E}.Debug|Any CPU.ActiveCfg = Debug|iPhone
		{81A07D5A-FF12-42D6-8E93-CCC76C9D5A1E}.Debug|ARM.ActiveCfg = Debug|iPhone
		{81A07D5A-FF12-42D6-8E93-CCC76C9D5A1E}.Debug|iPhone.ActiveCfg = Debug|iPhone
		{81A07D5A-FF12-42D6-8E93-CCC76C9D5A1E}.Debug|iPhone.Build.0 = Debug|iPhone
		{81A07D5A-FF12-42D6-8E93-CCC76C9D5A1E}.Debug|iPhoneSimulator.ActiveCfg = Debug|iPhoneSimulator
		{81A07D5A-FF12-42D6-8E93-CCC76C9D5A1E}.Debug|iPhoneSimulator.Build.0 = Debug|iPhoneSimulator
		{81A07D5A-FF12-42D6-8E93-CCC76C9D5A1E}.Debug|x64.ActiveCfg = Debug|iPhone
		{81A07D5A-FF12-42D6-8E93-CCC76C9D5A1E}.Debug|x86.ActiveCfg = Debug|iPhone
		{81A07D5A-FF12-42D6-8E93-CCC76C9D5A1E}.Release|Any CPU.ActiveCfg = Release|iPhone
		{81A07D5A-FF12-42D6-8E93-CCC76C9D5A1E}.Release|ARM.ActiveCfg = Release|iPhone
		{81A07D5A-FF12-42D6-8E93-CCC76C9D5A1E}.Release|iPhone.ActiveCfg = Release|iPhone
		{81A07D5A-FF12-42D6-8E93-CCC76C9D5A1E}.Release|iPhone.Build.0 = Release|iPhone
		{81A07D5A-FF12-42D6-8E93-CCC76C9D5A1E}.Release|iPhoneSimulator.ActiveCfg = Release|iPhoneSimulator
		{81A07D5A-FF12-42D6-8E93-CCC76C9D5A1E}.Release|iPhoneSimulator.Build.0 = Release|iPhoneSimulator
		{81A07D5A-FF12-42D6-8E93-CCC76C9D5A1E}.Release|x64.ActiveCfg = Release|iPhone
		{81A07D5A-FF12-42D6-8E93-CCC76C9D5A1E}.Release|x86.ActiveCfg = Release|iPhone
		{178586D8-F573-4A71-9DEE-B78EC99CE02D}.Ad-Hoc|Any CPU.ActiveCfg = Release|Any CPU
		{178586D8-F573-4A71-9DEE-B78EC99CE02D}.Ad-Hoc|Any CPU.Build.0 = Release|Any CPU
		{178586D8-F573-4A71-9DEE-B78EC99CE02D}.Ad-Hoc|Any CPU.Deploy.0 = Release|Any CPU
		{178586D8-F573-4A71-9DEE-B78EC99CE02D}.Ad-Hoc|ARM.ActiveCfg = Release|ARM
		{178586D8-F573-4A71-9DEE-B78EC99CE02D}.Ad-Hoc|ARM.Build.0 = Release|ARM
		{178586D8-F573-4A71-9DEE-B78EC99CE02D}.Ad-Hoc|ARM.Deploy.0 = Release|ARM
		{178586D8-F573-4A71-9DEE-B78EC99CE02D}.Ad-Hoc|iPhone.ActiveCfg = Release|Any CPU
		{178586D8-F573-4A71-9DEE-B78EC99CE02D}.Ad-Hoc|iPhone.Build.0 = Release|Any CPU
		{178586D8-F573-4A71-9DEE-B78EC99CE02D}.Ad-Hoc|iPhone.Deploy.0 = Release|Any CPU
		{178586D8-F573-4A71-9DEE-B78EC99CE02D}.Ad-Hoc|iPhoneSimulator.ActiveCfg = Release|Any CPU
		{178586D8-F573-4A71-9DEE-B78EC99CE02D}.Ad-Hoc|iPhoneSimulator.Build.0 = Release|Any CPU
		{178586D8-F573-4A71-9DEE-B78EC99CE02D}.Ad-Hoc|iPhoneSimulator.Deploy.0 = Release|Any CPU
		{178586D8-F573-4A71-9DEE-B78EC99CE02D}.Ad-Hoc|x64.ActiveCfg = Release|Any CPU
		{178586D8-F573-4A71-9DEE-B78EC99CE02D}.Ad-Hoc|x64.Build.0 = Release|Any CPU
		{178586D8-F573-4A71-9DEE-B78EC99CE02D}.Ad-Hoc|x64.Deploy.0 = Release|Any CPU
		{178586D8-F573-4A71-9DEE-B78EC99CE02D}.Ad-Hoc|x86.ActiveCfg = Release|x86
		{178586D8-F573-4A71-9DEE-B78EC99CE02D}.Ad-Hoc|x86.Build.0 = Release|x86
		{178586D8-F573-4A71-9DEE-B78EC99CE02D}.Ad-Hoc|x86.Deploy.0 = Release|x86
		{178586D8-F573-4A71-9DEE-B78EC99CE02D}.AppStore|Any CPU.ActiveCfg = Release|Any CPU
		{178586D8-F573-4A71-9DEE-B78EC99CE02D}.AppStore|Any CPU.Build.0 = Release|Any CPU
		{178586D8-F573-4A71-9DEE-B78EC99CE02D}.AppStore|Any CPU.Deploy.0 = Release|Any CPU
		{178586D8-F573-4A71-9DEE-B78EC99CE02D}.AppStore|ARM.ActiveCfg = Release|ARM
		{178586D8-F573-4A71-9DEE-B78EC99CE02D}.AppStore|ARM.Build.0 = Release|ARM
		{178586D8-F573-4A71-9DEE-B78EC99CE02D}.AppStore|ARM.Deploy.0 = Release|ARM
		{178586D8-F573-4A71-9DEE-B78EC99CE02D}.AppStore|iPhone.ActiveCfg = Release|Any CPU
		{178586D8-F573-4A71-9DEE-B78EC99CE02D}.AppStore|iPhone.Build.0 = Release|Any CPU
		{178586D8-F573-4A71-9DEE-B78EC99CE02D}.AppStore|iPhone.Deploy.0 = Release|Any CPU
		{178586D8-F573-4A71-9DEE-B78EC99CE02D}.AppStore|iPhoneSimulator.ActiveCfg = Release|Any CPU
		{178586D8-F573-4A71-9DEE-B78EC99CE02D}.AppStore|iPhoneSimulator.Build.0 = Release|Any CPU
		{178586D8-F573-4A71-9DEE-B78EC99CE02D}.AppStore|iPhoneSimulator.Deploy.0 = Release|Any CPU
		{178586D8-F573-4A71-9DEE-B78EC99CE02D}.AppStore|x64.ActiveCfg = Release|Any CPU
		{178586D8-F573-4A71-9DEE-B78EC99CE02D}.AppStore|x64.Build.0 = Release|Any CPU
		{178586D8-F573-4A71-9DEE-B78EC99CE02D}.AppStore|x64.Deploy.0 = Release|Any CPU
		{178586D8-F573-4A71-9DEE-B78EC99CE02D}.AppStore|x86.ActiveCfg = Release|x86
		{178586D8-F573-4A71-9DEE-B78EC99CE02D}.AppStore|x86.Build.0 = Release|x86
		{178586D8-F573-4A71-9DEE-B78EC99CE02D}.AppStore|x86.Deploy.0 = Release|x86
		{178586D8-F573-4A71-9DEE-B78EC99CE02D}.Debug|Any CPU.ActiveCfg = Debug|Any CPU
		{178586D8-F573-4A71-9DEE-B78EC99CE02D}.Debug|Any CPU.Build.0 = Debug|Any CPU
		{178586D8-F573-4A71-9DEE-B78EC99CE02D}.Debug|Any CPU.Deploy.0 = Debug|Any CPU
		{178586D8-F573-4A71-9DEE-B78EC99CE02D}.Debug|ARM.ActiveCfg = Debug|ARM
		{178586D8-F573-4A71-9DEE-B78EC99CE02D}.Debug|ARM.Build.0 = Debug|ARM
		{178586D8-F573-4A71-9DEE-B78EC99CE02D}.Debug|ARM.Deploy.0 = Debug|ARM
		{178586D8-F573-4A71-9DEE-B78EC99CE02D}.Debug|iPhone.ActiveCfg = Debug|Any CPU
		{178586D8-F573-4A71-9DEE-B78EC99CE02D}.Debug|iPhone.Build.0 = Debug|Any CPU
		{178586D8-F573-4A71-9DEE-B78EC99CE02D}.Debug|iPhone.Deploy.0 = Debug|Any CPU
		{178586D8-F573-4A71-9DEE-B78EC99CE02D}.Debug|iPhoneSimulator.ActiveCfg = Debug|Any CPU
		{178586D8-F573-4A71-9DEE-B78EC99CE02D}.Debug|iPhoneSimulator.Build.0 = Debug|Any CPU
		{178586D8-F573-4A71-9DEE-B78EC99CE02D}.Debug|iPhoneSimulator.Deploy.0 = Debug|Any CPU
		{178586D8-F573-4A71-9DEE-B78EC99CE02D}.Debug|x64.ActiveCfg = Debug|Any CPU
		{178586D8-F573-4A71-9DEE-B78EC99CE02D}.Debug|x64.Build.0 = Debug|Any CPU
		{178586D8-F573-4A71-9DEE-B78EC99CE02D}.Debug|x64.Deploy.0 = Debug|Any CPU
		{178586D8-F573-4A71-9DEE-B78EC99CE02D}.Debug|x86.ActiveCfg = Debug|x86
		{178586D8-F573-4A71-9DEE-B78EC99CE02D}.Debug|x86.Build.0 = Debug|x86
		{178586D8-F573-4A71-9DEE-B78EC99CE02D}.Debug|x86.Deploy.0 = Debug|x86
		{178586D8-F573-4A71-9DEE-B78EC99CE02D}.Release|Any CPU.ActiveCfg = Release|Any CPU
		{178586D8-F573-4A71-9DEE-B78EC99CE02D}.Release|Any CPU.Build.0 = Release|Any CPU
		{178586D8-F573-4A71-9DEE-B78EC99CE02D}.Release|Any CPU.Deploy.0 = Release|Any CPU
		{178586D8-F573-4A71-9DEE-B78EC99CE02D}.Release|ARM.ActiveCfg = Release|ARM
		{178586D8-F573-4A71-9DEE-B78EC99CE02D}.Release|ARM.Build.0 = Release|ARM
		{178586D8-F573-4A71-9DEE-B78EC99CE02D}.Release|ARM.Deploy.0 = Release|ARM
		{178586D8-F573-4A71-9DEE-B78EC99CE02D}.Release|iPhone.ActiveCfg = Release|Any CPU
		{178586D8-F573-4A71-9DEE-B78EC99CE02D}.Release|iPhone.Build.0 = Release|Any CPU
		{178586D8-F573-4A71-9DEE-B78EC99CE02D}.Release|iPhone.Deploy.0 = Release|Any CPU
		{178586D8-F573-4A71-9DEE-B78EC99CE02D}.Release|iPhoneSimulator.ActiveCfg = Release|Any CPU
		{178586D8-F573-4A71-9DEE-B78EC99CE02D}.Release|iPhoneSimulator.Build.0 = Release|Any CPU
		{178586D8-F573-4A71-9DEE-B78EC99CE02D}.Release|iPhoneSimulator.Deploy.0 = Release|Any CPU
		{178586D8-F573-4A71-9DEE-B78EC99CE02D}.Release|x64.ActiveCfg = Release|Any CPU
		{178586D8-F573-4A71-9DEE-B78EC99CE02D}.Release|x64.Build.0 = Release|Any CPU
		{178586D8-F573-4A71-9DEE-B78EC99CE02D}.Release|x64.Deploy.0 = Release|Any CPU
		{178586D8-F573-4A71-9DEE-B78EC99CE02D}.Release|x86.ActiveCfg = Release|x86
		{178586D8-F573-4A71-9DEE-B78EC99CE02D}.Release|x86.Build.0 = Release|x86
		{178586D8-F573-4A71-9DEE-B78EC99CE02D}.Release|x86.Deploy.0 = Release|x86
		{37FA5AD3-FFB1-4D8A-9976-0AF7F6FE63C8}.Ad-Hoc|Any CPU.ActiveCfg = Release|Any CPU
		{37FA5AD3-FFB1-4D8A-9976-0AF7F6FE63C8}.Ad-Hoc|Any CPU.Build.0 = Release|Any CPU
		{37FA5AD3-FFB1-4D8A-9976-0AF7F6FE63C8}.Ad-Hoc|Any CPU.Deploy.0 = Release|Any CPU
		{37FA5AD3-FFB1-4D8A-9976-0AF7F6FE63C8}.Ad-Hoc|ARM.ActiveCfg = Release|ARM
		{37FA5AD3-FFB1-4D8A-9976-0AF7F6FE63C8}.Ad-Hoc|ARM.Build.0 = Release|ARM
		{37FA5AD3-FFB1-4D8A-9976-0AF7F6FE63C8}.Ad-Hoc|ARM.Deploy.0 = Release|ARM
		{37FA5AD3-FFB1-4D8A-9976-0AF7F6FE63C8}.Ad-Hoc|iPhone.ActiveCfg = Release|Any CPU
		{37FA5AD3-FFB1-4D8A-9976-0AF7F6FE63C8}.Ad-Hoc|iPhone.Build.0 = Release|Any CPU
		{37FA5AD3-FFB1-4D8A-9976-0AF7F6FE63C8}.Ad-Hoc|iPhone.Deploy.0 = Release|Any CPU
		{37FA5AD3-FFB1-4D8A-9976-0AF7F6FE63C8}.Ad-Hoc|iPhoneSimulator.ActiveCfg = Release|Any CPU
		{37FA5AD3-FFB1-4D8A-9976-0AF7F6FE63C8}.Ad-Hoc|iPhoneSimulator.Build.0 = Release|Any CPU
		{37FA5AD3-FFB1-4D8A-9976-0AF7F6FE63C8}.Ad-Hoc|iPhoneSimulator.Deploy.0 = Release|Any CPU
		{37FA5AD3-FFB1-4D8A-9976-0AF7F6FE63C8}.Ad-Hoc|x64.ActiveCfg = Release|x64
		{37FA5AD3-FFB1-4D8A-9976-0AF7F6FE63C8}.Ad-Hoc|x64.Build.0 = Release|x64
		{37FA5AD3-FFB1-4D8A-9976-0AF7F6FE63C8}.Ad-Hoc|x64.Deploy.0 = Release|x64
		{37FA5AD3-FFB1-4D8A-9976-0AF7F6FE63C8}.Ad-Hoc|x86.ActiveCfg = Release|x86
		{37FA5AD3-FFB1-4D8A-9976-0AF7F6FE63C8}.Ad-Hoc|x86.Build.0 = Release|x86
		{37FA5AD3-FFB1-4D8A-9976-0AF7F6FE63C8}.Ad-Hoc|x86.Deploy.0 = Release|x86
		{37FA5AD3-FFB1-4D8A-9976-0AF7F6FE63C8}.AppStore|Any CPU.ActiveCfg = Release|Any CPU
		{37FA5AD3-FFB1-4D8A-9976-0AF7F6FE63C8}.AppStore|Any CPU.Build.0 = Release|Any CPU
		{37FA5AD3-FFB1-4D8A-9976-0AF7F6FE63C8}.AppStore|Any CPU.Deploy.0 = Release|Any CPU
		{37FA5AD3-FFB1-4D8A-9976-0AF7F6FE63C8}.AppStore|ARM.ActiveCfg = Release|ARM
		{37FA5AD3-FFB1-4D8A-9976-0AF7F6FE63C8}.AppStore|ARM.Build.0 = Release|ARM
		{37FA5AD3-FFB1-4D8A-9976-0AF7F6FE63C8}.AppStore|ARM.Deploy.0 = Release|ARM
		{37FA5AD3-FFB1-4D8A-9976-0AF7F6FE63C8}.AppStore|iPhone.ActiveCfg = Release|Any CPU
		{37FA5AD3-FFB1-4D8A-9976-0AF7F6FE63C8}.AppStore|iPhone.Build.0 = Release|Any CPU
		{37FA5AD3-FFB1-4D8A-9976-0AF7F6FE63C8}.AppStore|iPhone.Deploy.0 = Release|Any CPU
		{37FA5AD3-FFB1-4D8A-9976-0AF7F6FE63C8}.AppStore|iPhoneSimulator.ActiveCfg = Release|Any CPU
		{37FA5AD3-FFB1-4D8A-9976-0AF7F6FE63C8}.AppStore|iPhoneSimulator.Build.0 = Release|Any CPU
		{37FA5AD3-FFB1-4D8A-9976-0AF7F6FE63C8}.AppStore|iPhoneSimulator.Deploy.0 = Release|Any CPU
		{37FA5AD3-FFB1-4D8A-9976-0AF7F6FE63C8}.AppStore|x64.ActiveCfg = Release|x64
		{37FA5AD3-FFB1-4D8A-9976-0AF7F6FE63C8}.AppStore|x64.Build.0 = Release|x64
		{37FA5AD3-FFB1-4D8A-9976-0AF7F6FE63C8}.AppStore|x64.Deploy.0 = Release|x64
		{37FA5AD3-FFB1-4D8A-9976-0AF7F6FE63C8}.AppStore|x86.ActiveCfg = Release|x86
		{37FA5AD3-FFB1-4D8A-9976-0AF7F6FE63C8}.AppStore|x86.Build.0 = Release|x86
		{37FA5AD3-FFB1-4D8A-9976-0AF7F6FE63C8}.AppStore|x86.Deploy.0 = Release|x86
		{37FA5AD3-FFB1-4D8A-9976-0AF7F6FE63C8}.Debug|Any CPU.ActiveCfg = Debug|Any CPU
		{37FA5AD3-FFB1-4D8A-9976-0AF7F6FE63C8}.Debug|Any CPU.Build.0 = Debug|Any CPU
		{37FA5AD3-FFB1-4D8A-9976-0AF7F6FE63C8}.Debug|Any CPU.Deploy.0 = Debug|Any CPU
		{37FA5AD3-FFB1-4D8A-9976-0AF7F6FE63C8}.Debug|ARM.ActiveCfg = Debug|ARM
		{37FA5AD3-FFB1-4D8A-9976-0AF7F6FE63C8}.Debug|ARM.Build.0 = Debug|ARM
		{37FA5AD3-FFB1-4D8A-9976-0AF7F6FE63C8}.Debug|ARM.Deploy.0 = Debug|ARM
		{37FA5AD3-FFB1-4D8A-9976-0AF7F6FE63C8}.Debug|iPhone.ActiveCfg = Debug|Any CPU
		{37FA5AD3-FFB1-4D8A-9976-0AF7F6FE63C8}.Debug|iPhone.Build.0 = Debug|Any CPU
		{37FA5AD3-FFB1-4D8A-9976-0AF7F6FE63C8}.Debug|iPhone.Deploy.0 = Debug|Any CPU
		{37FA5AD3-FFB1-4D8A-9976-0AF7F6FE63C8}.Debug|iPhoneSimulator.ActiveCfg = Debug|Any CPU
		{37FA5AD3-FFB1-4D8A-9976-0AF7F6FE63C8}.Debug|iPhoneSimulator.Build.0 = Debug|Any CPU
		{37FA5AD3-FFB1-4D8A-9976-0AF7F6FE63C8}.Debug|iPhoneSimulator.Deploy.0 = Debug|Any CPU
		{37FA5AD3-FFB1-4D8A-9976-0AF7F6FE63C8}.Debug|x64.ActiveCfg = Debug|x64
		{37FA5AD3-FFB1-4D8A-9976-0AF7F6FE63C8}.Debug|x64.Build.0 = Debug|x64
		{37FA5AD3-FFB1-4D8A-9976-0AF7F6FE63C8}.Debug|x64.Deploy.0 = Debug|x64
		{37FA5AD3-FFB1-4D8A-9976-0AF7F6FE63C8}.Debug|x86.ActiveCfg = Debug|x86
		{37FA5AD3-FFB1-4D8A-9976-0AF7F6FE63C8}.Debug|x86.Build.0 = Debug|x86
		{37FA5AD3-FFB1-4D8A-9976-0AF7F6FE63C8}.Debug|x86.Deploy.0 = Debug|x86
		{37FA5AD3-FFB1-4D8A-9976-0AF7F6FE63C8}.Release|Any CPU.ActiveCfg = Release|Any CPU
		{37FA5AD3-FFB1-4D8A-9976-0AF7F6FE63C8}.Release|Any CPU.Build.0 = Release|Any CPU
		{37FA5AD3-FFB1-4D8A-9976-0AF7F6FE63C8}.Release|Any CPU.Deploy.0 = Release|Any CPU
		{37FA5AD3-FFB1-4D8A-9976-0AF7F6FE63C8}.Release|ARM.ActiveCfg = Release|ARM
		{37FA5AD3-FFB1-4D8A-9976-0AF7F6FE63C8}.Release|ARM.Build.0 = Release|ARM
		{37FA5AD3-FFB1-4D8A-9976-0AF7F6FE63C8}.Release|ARM.Deploy.0 = Release|ARM
		{37FA5AD3-FFB1-4D8A-9976-0AF7F6FE63C8}.Release|iPhone.ActiveCfg = Release|Any CPU
		{37FA5AD3-FFB1-4D8A-9976-0AF7F6FE63C8}.Release|iPhone.Build.0 = Release|Any CPU
		{37FA5AD3-FFB1-4D8A-9976-0AF7F6FE63C8}.Release|iPhone.Deploy.0 = Release|Any CPU
		{37FA5AD3-FFB1-4D8A-9976-0AF7F6FE63C8}.Release|iPhoneSimulator.ActiveCfg = Release|Any CPU
		{37FA5AD3-FFB1-4D8A-9976-0AF7F6FE63C8}.Release|iPhoneSimulator.Build.0 = Release|Any CPU
		{37FA5AD3-FFB1-4D8A-9976-0AF7F6FE63C8}.Release|iPhoneSimulator.Deploy.0 = Release|Any CPU
		{37FA5AD3-FFB1-4D8A-9976-0AF7F6FE63C8}.Release|x64.ActiveCfg = Release|x64
		{37FA5AD3-FFB1-4D8A-9976-0AF7F6FE63C8}.Release|x64.Build.0 = Release|x64
		{37FA5AD3-FFB1-4D8A-9976-0AF7F6FE63C8}.Release|x64.Deploy.0 = Release|x64
		{37FA5AD3-FFB1-4D8A-9976-0AF7F6FE63C8}.Release|x86.ActiveCfg = Release|x86
		{37FA5AD3-FFB1-4D8A-9976-0AF7F6FE63C8}.Release|x86.Build.0 = Release|x86
		{37FA5AD3-FFB1-4D8A-9976-0AF7F6FE63C8}.Release|x86.Deploy.0 = Release|x86
	EndGlobalSection
	GlobalSection(SolutionProperties) = preSolution
		HideSolutionNode = FALSE
	EndGlobalSection
EndGlobal
